
Microsoft Visual Studio Solution File, Format Version 12.00
# Visual Studio 15
VisualStudioVersion = 15.0.28307.329
MinimumVisualStudioVersion = 10.0.40219.1
Project("{FAE04EC0-301F-11D3-BF4B-00C04F79EFBC}") = "Community", "Community\Community.csproj", "{831EE3FB-8B08-445E-B9D4-2D2C7913D566}"
EndProject
Global
	GlobalSection(SolutionConfigurationPlatforms) = preSolution
		Debug|Any CPU = Debug|Any CPU
		Release|Any CPU = Release|Any CPU
	EndGlobalSection
	GlobalSection(ProjectConfigurationPlatforms) = postSolution
		{831EE3FB-8B08-445E-B9D4-2D2C7913D566}.Debug|Any CPU.ActiveCfg = Debug|Any CPU
		{831EE3FB-8B08-445E-B9D4-2D2C7913D566}.Debug|Any CPU.Build.0 = Debug|Any CPU
		{831EE3FB-8B08-445E-B9D4-2D2C7913D566}.Release|Any CPU.ActiveCfg = Release|Any CPU
		{831EE3FB-8B08-445E-B9D4-2D2C7913D566}.Release|Any CPU.Build.0 = Release|Any CPU
	EndGlobalSection
	GlobalSection(SolutionProperties) = preSolution
		HideSolutionNode = FALSE
	EndGlobalSection
	GlobalSection(ExtensibilityGlobals) = postSolution
		SolutionGuid = {50B406B7-8920-4FDC-83DA-42B39255A1CB}
	EndGlobalSection
EndGlobal
